
Microsoft Visual Studio Solution File, Format Version 12.00
# Visual Studio 15
VisualStudioVersion = 15.0.28307.421
MinimumVisualStudioVersion = 10.0.40219.1
Project("{FAE04EC0-301F-11D3-BF4B-00C04F79EFBC}") = "PenaltyCalculation", "PenaltyCalculation\PenaltyCalculation.csproj", "{B09348CA-8F60-48BE-98B7-C360F93BF36B}"
EndProject
Global
	GlobalSection(SolutionConfigurationPlatforms) = preSolution
		Debug|Any CPU = Debug|Any CPU
		Release|Any CPU = Release|Any CPU
	EndGlobalSection
	GlobalSection(ProjectConfigurationPlatforms) = postSolution
		{B09348CA-8F60-48BE-98B7-C360F93BF36B}.Debug|Any CPU.ActiveCfg = Debug|Any CPU
		{B09348CA-8F60-48BE-98B7-C360F93BF36B}.Debug|Any CPU.Build.0 = Debug|Any CPU
		{B09348CA-8F60-48BE-98B7-C360F93BF36B}.Release|Any CPU.ActiveCfg = Release|Any CPU
		{B09348CA-8F60-48BE-98B7-C360F93BF36B}.Release|Any CPU.Build.0 = Release|Any CPU
	EndGlobalSection
	GlobalSection(SolutionProperties) = preSolution
		HideSolutionNode = FALSE
	EndGlobalSection
	GlobalSection(ExtensibilityGlobals) = postSolution
		SolutionGuid = {E7F74761-BE7E-44C4-B48B-D94E4F9048DE}
	EndGlobalSection
EndGlobal
